
Microsoft Visual Studio Solution File, Format Version 12.00
# Visual Studio Version 17
VisualStudioVersion = 17.0.32112.339
MinimumVisualStudioVersion = 10.0.40219.1
Project("{FAE04EC0-301F-11D3-BF4B-00C04F79EFBC}") = "HomomorphicDemo", "HomomorphicDemo\HomomorphicDemo.csproj", "{5C239CC6-2F33-4E9C-B299-41FDFB949F16}"
EndProject
Global
	GlobalSection(SolutionConfigurationPlatforms) = preSolution
		Debug|Any CPU = Debug|Any CPU
		Debug|x64 = Debug|x64
		Debug|x86 = Debug|x86
		Release|Any CPU = Release|Any CPU
		Release|x64 = Release|x64
		Release|x86 = Release|x86
	EndGlobalSection
	GlobalSection(ProjectConfigurationPlatforms) = postSolution
		{5C239CC6-2F33-4E9C-B299-41FDFB949F16}.Debug|Any CPU.ActiveCfg = Debug|Any CPU
		{5C239CC6-2F33-4E9C-B299-41FDFB949F16}.Debug|Any CPU.Build.0 = Debug|Any CPU
		{5C239CC6-2F33-4E9C-B299-41FDFB949F16}.Debug|x64.ActiveCfg = Debug|x64
		{5C239CC6-2F33-4E9C-B299-41FDFB949F16}.Debug|x64.Build.0 = Debug|x64
		{5C239CC6-2F33-4E9C-B299-41FDFB949F16}.Debug|x86.ActiveCfg = Debug|x86
		{5C239CC6-2F33-4E9C-B299-41FDFB949F16}.Debug|x86.Build.0 = Debug|x86
		{5C239CC6-2F33-4E9C-B299-41FDFB949F16}.Release|Any CPU.ActiveCfg = Release|Any CPU
		{5C239CC6-2F33-4E9C-B299-41FDFB949F16}.Release|Any CPU.Build.0 = Release|Any CPU
		{5C239CC6-2F33-4E9C-B299-41FDFB949F16}.Release|x64.ActiveCfg = Release|x64
		{5C239CC6-2F33-4E9C-B299-41FDFB949F16}.Release|x64.Build.0 = Release|x64
		{5C239CC6-2F33-4E9C-B299-41FDFB949F16}.Release|x86.ActiveCfg = Release|x86
		{5C239CC6-2F33-4E9C-B299-41FDFB949F16}.Release|x86.Build.0 = Release|x86
	EndGlobalSection
	GlobalSection(SolutionProperties) = preSolution
		HideSolutionNode = FALSE
	EndGlobalSection
	GlobalSection(ExtensibilityGlobals) = postSolution
		SolutionGuid = {C7C4F65F-C215-4280-AD72-ED35E34049D7}
	EndGlobalSection
EndGlobal
